// !$*UTF8*$!
{
	archiveVersion = 1;
	classes = {
	};
	objectVersion = 48;
	objects = {

/* Begin PBXBuildFile section */
		A4341A6A1FD2E2FF00288489 /* AppDelegate.swift in Sources */ = {isa = PBXBuildFile; fileRef = A4341A691FD2E2FF00288489 /* AppDelegate.swift */; };
		A4341A6C1FD2E2FF00288489 /* ViewController.swift in Sources */ = {isa = PBXBuildFile; fileRef = A4341A6B1FD2E2FF00288489 /* ViewController.swift */; };
		A4341A6F1FD2E2FF00288489 /* Main.storyboard in Resources */ = {isa = PBXBuildFile; fileRef = A4341A6D1FD2E2FF00288489 /* Main.storyboard */; };
		A4341A711FD2E2FF00288489 /* Assets.xcassets in Resources */ = {isa = PBXBuildFile; fileRef = A4341A701FD2E2FF00288489 /* Assets.xcassets */; };
		A4341A741FD2E2FF00288489 /* LaunchScreen.storyboard in Resources */ = {isa = PBXBuildFile; fileRef = A4341A721FD2E2FF00288489 /* LaunchScreen.storyboard */; };
		A4341A7F1FD2E2FF00288489 /* XCUITestExampleUITests.swift in Sources */ = {isa = PBXBuildFile; fileRef = A4341A7E1FD2E2FF00288489 /* XCUITestExampleUITests.swift */; };
/* End PBXBuildFile section */

/* Begin PBXContainerItemProxy section */
		A4341A7B1FD2E2FF00288489 /* PBXContainerItemProxy */ = {
			isa = PBXContainerItemProxy;
			containerPortal = A4341A5E1FD2E2FF00288489 /* Project object */;
			proxyType = 1;
			remoteGlobalIDString = A4341A651FD2E2FF00288489;
			remoteInfo = XCUITestExample;
		};
/* End PBXContainerItemProxy section */

/* Begin PBXFileReference section */
		A4341A661FD2E2FF00288489 /* XCUITestExample.app */ = {isa = PBXFileReference; explicitFileType = wrapper.application; includeInIndex = 0; path = XCUITestExample.app; sourceTree = BUILT_PRODUCTS_DIR; };
		A4341A691FD2E2FF00288489 /* AppDelegate.swift */ = {isa = PBXFileReference; lastKnownFileType = sourcecode.swift; path = AppDelegate.swift; sourceTree = "<group>"; };
		A4341A6B1FD2E2FF00288489 /* ViewController.swift */ = {isa = PBXFileReference; lastKnownFileType = sourcecode.swift; path = ViewController.swift; sourceTree = "<group>"; };
		A4341A6E1FD2E2FF00288489 /* Base */ = {isa = PBXFileReference; lastKnownFileType = file.storyboard; name = Base; path = Base.lproj/Main.storyboard; sourceTree = "<group>"; };
		A4341A701FD2E2FF00288489 /* Assets.xcassets */ = {isa = PBXFileReference; lastKnownFileType = folder.assetcatalog; path = Assets.xcassets; sourceTree = "<group>"; };
		A4341A731FD2E2FF00288489 /* Base */ = {isa = PBXFileReference; lastKnownFileType = file.storyboard; name = Base; path = Base.lproj/LaunchScreen.storyboard; sourceTree = "<group>"; };
		A4341A751FD2E2FF00288489 /* Info.plist */ = {isa = PBXFileReference; lastKnownFileType = text.plist.xml; path = Info.plist; sourceTree = "<group>"; };
		A4341A7A1FD2E2FF00288489 /* XCUITestExampleUITests.xctest */ = {isa = PBXFileReference; explicitFileType = wrapper.cfbundle; includeInIndex = 0; path = XCUITestExampleUITests.xctest; sourceTree = BUILT_PRODUCTS_DIR; };
		A4341A7E1FD2E2FF00288489 /* XCUITestExampleUITests.swift */ = {isa = PBXFileReference; lastKnownFileType = sourcecode.swift; path = XCUITestExampleUITests.swift; sourceTree = "<group>"; };
		A4341A801FD2E2FF00288489 /* Info.plist */ = {isa = PBXFileReference; lastKnownFileType = text.plist.xml; path = Info.plist; sourceTree = "<group>"; };
/* End PBXFileReference section */

/* Begin PBXFrameworksBuildPhase section */
		A4341A631FD2E2FF00288489 /* Frameworks */ = {
			isa = PBXFrameworksBuildPhase;
			buildActionMask = 2147483647;
			files = (
			);
			runOnlyForDeploymentPostprocessing = 0;
		};
		A4341A771FD2E2FF00288489 /* Frameworks */ = {
			isa = PBXFrameworksBuildPhase;
			buildActionMask = 2147483647;
			files = (
			);
			runOnlyForDeploymentPostprocessing = 0;
		};
/* End PBXFrameworksBuildPhase section */

/* Begin PBXGroup section */
		A4341A5D1FD2E2FF00288489 = {
			isa = PBXGroup;
			children = (
				A4341A681FD2E2FF00288489 /* XCUITestExample */,
				A4341A7D1FD2E2FF00288489 /* XCUITestExampleUITests */,
				A4341A671FD2E2FF00288489 /* Products */,
			);
			sourceTree = "<group>";
		};
		A4341A671FD2E2FF00288489 /* Products */ = {
			isa = PBXGroup;
			children = (
				A4341A661FD2E2FF00288489 /* XCUITestExample.app */,
				A4341A7A1FD2E2FF00288489 /* XCUITestExampleUITests.xctest */,
			);
			name = Products;
			sourceTree = "<group>";
		};
		A4341A681FD2E2FF00288489 /* XCUITestExample */ = {
			isa = PBXGroup;
			children = (
				A4341A691FD2E2FF00288489 /* AppDelegate.swift */,
				A4341A6B1FD2E2FF00288489 /* ViewController.swift */,
				A4341A6D1FD2E2FF00288489 /* Main.storyboard */,
				A4341A701FD2E2FF00288489 /* Assets.xcassets */,
				A4341A721FD2E2FF00288489 /* LaunchScreen.storyboard */,
				A4341A751FD2E2FF00288489 /* Info.plist */,
			);
			path = XCUITestExample;
			sourceTree = "<group>";
		};
		A4341A7D1FD2E2FF00288489 /* XCUITestExampleUITests */ = {
			isa = PBXGroup;
			children = (
				A4341A7E1FD2E2FF00288489 /* XCUITestExampleUITests.swift */,
				A4341A801FD2E2FF00288489 /* Info.plist */,
			);
			path = XCUITestExampleUITests;
			sourceTree = "<group>";
		};
/* End PBXGroup section */

/* Begin PBXNativeTarget section */
		A4341A651FD2E2FF00288489 /* XCUITestExample */ = {
			isa = PBXNativeTarget;
			buildConfigurationList = A4341A831FD2E2FF00288489 /* Build configuration list for PBXNativeTarget "XCUITestExample" */;
			buildPhases = (
				A4341A621FD2E2FF00288489 /* Sources */,
				A4341A631FD2E2FF00288489 /* Frameworks */,
				A4341A641FD2E2FF00288489 /* Resources */,
			);
			buildRules = (
			);
			dependencies = (
			);
			name = XCUITestExample;
			productName = XCUITestExample;
			productReference = A4341A661FD2E2FF00288489 /* XCUITestExample.app */;
			productType = "com.apple.product-type.application";
		};
		A4341A791FD2E2FF00288489 /* XCUITestExampleUITests */ = {
			isa = PBXNativeTarget;
			buildConfigurationList = A4341A861FD2E2FF00288489 /* Build configuration list for PBXNativeTarget "XCUITestExampleUITests" */;
			buildPhases = (
				A4341A761FD2E2FF00288489 /* Sources */,
				A4341A771FD2E2FF00288489 /* Frameworks */,
				A4341A781FD2E2FF00288489 /* Resources */,
			);
			buildRules = (
			);
			dependencies = (
				A4341A7C1FD2E2FF00288489 /* PBXTargetDependency */,
			);
			name = XCUITestExampleUITests;
			productName = XCUITestExampleUITests;
			productReference = A4341A7A1FD2E2FF00288489 /* XCUITestExampleUITests.xctest */;
			productType = "com.apple.product-type.bundle.ui-testing";
		};
/* End PBXNativeTarget section */

/* Begin PBXProject section */
		A4341A5E1FD2E2FF00288489 /* Project object */ = {
			isa = PBXProject;
			attributes = {
				LastSwiftUpdateCheck = 0910;
				LastUpgradeCheck = 0910;
				ORGANIZATIONNAME = "Daniel Carlos";
				TargetAttributes = {
					A4341A651FD2E2FF00288489 = {
						CreatedOnToolsVersion = 9.1;
						ProvisioningStyle = Automatic;
					};
					A4341A791FD2E2FF00288489 = {
						CreatedOnToolsVersion = 9.1;
						ProvisioningStyle = Automatic;
						TestTargetID = A4341A651FD2E2FF00288489;
					};
				};
			};
			buildConfigurationList = A4341A611FD2E2FF00288489 /* Build configuration list for PBXProject "XCUITestExample" */;
			compatibilityVersion = "Xcode 8.0";
			developmentRegion = en;
			hasScannedForEncodings = 0;
			knownRegions = (
				en,
				Base,
			);
			mainGroup = A4341A5D1FD2E2FF00288489;
			productRefGroup = A4341A671FD2E2FF00288489 /* Products */;
			projectDirPath = "";
			projectRoot = "";
			targets = (
				A4341A651FD2E2FF00288489 /* XCUITestExample */,
				A4341A791FD2E2FF00288489 /* XCUITestExampleUITests */,
			);
		};
/* End PBXProject section */

/* Begin PBXResourcesBuildPhase section */
		A4341A641FD2E2FF00288489 /* Resources */ = {
			isa = PBXResourcesBuildPhase;
			buildActionMask = 2147483647;
			files = (
				A4341A741FD2E2FF00288489 /* LaunchScreen.storyboard in Resources */,
				A4341A711FD2E2FF00288489 /* Assets.xcassets in Resources */,
				A4341A6F1FD2E2FF00288489 /* Main.storyboard in Resources */,
			);
			runOnlyForDeploymentPostprocessing = 0;
		};
		A4341A781FD2E2FF00288489 /* Resources */ = {
			isa = PBXResourcesBuildPhase;
			buildActionMask = 2147483647;
			files = (
			);
			runOnlyForDeploymentPostprocessing = 0;
		};
/* End PBXResourcesBuildPhase section */

/* Begin PBXSourcesBuildPhase section */
		A4341A621FD2E2FF00288489 /* Sources */ = {
			isa = PBXSourcesBuildPhase;
			buildActionMask = 2147483647;
			files = (
				A4341A6C1FD2E2FF00288489 /* ViewController.swift in Sources */,
				A4341A6A1FD2E2FF00288489 /* AppDelegate.swift in Sources */,
			);
			runOnlyForDeploymentPostprocessing = 0;
		};
		A4341A761FD2E2FF00288489 /* Sources */ = {
			isa = PBXSourcesBuildPhase;
			buildActionMask = 2147483647;
			files = (
				A4341A7F1FD2E2FF00288489 /* XCUITestExampleUITests.swift in Sources */,
			);
			runOnlyForDeploymentPostprocessing = 0;
		};
/* End PBXSourcesBuildPhase section */

/* Begin PBXTargetDependency section */
		A4341A7C1FD2E2FF00288489 /* PBXTargetDependency */ = {
			isa = PBXTargetDependency;
			target = A4341A651FD2E2FF00288489 /* XCUITestExample */;
			targetProxy = A4341A7B1FD2E2FF00288489 /* PBXContainerItemProxy */;
		};
/* End PBXTargetDependency section */

/* Begin PBXVariantGroup section */
		A4341A6D1FD2E2FF00288489 /* Main.storyboard */ = {
			isa = PBXVariantGroup;
			children = (
				A4341A6E1FD2E2FF00288489 /* Base */,
			);
			name = Main.storyboard;
			sourceTree = "<group>";
		};
		A4341A721FD2E2FF00288489 /* LaunchScreen.storyboard */ = {
			isa = PBXVariantGroup;
			children = (
				A4341A731FD2E2FF00288489 /* Base */,
			);
			name = LaunchScreen.storyboard;
			sourceTree = "<group>";
		};
/* End PBXVariantGroup section */

/* Begin XCBuildConfiguration section */
		A4341A811FD2E2FF00288489 /* Debug */ = {
			isa = XCBuildConfiguration;
			buildSettings = {
				ALWAYS_SEARCH_USER_PATHS = NO;
				CLANG_ANALYZER_NONNULL = YES;
				CLANG_ANALYZER_NUMBER_OBJECT_CONVERSION = YES_AGGRESSIVE;
				CLANG_CXX_LANGUAGE_STANDARD = "gnu++14";
				CLANG_CXX_LIBRARY = "libc++";
				CLANG_ENABLE_MODULES = YES;
				CLANG_ENABLE_OBJC_ARC = YES;
				CLANG_WARN_BLOCK_CAPTURE_AUTORELEASING = YES;
				CLANG_WARN_BOOL_CONVERSION = YES;
				CLANG_WARN_COMMA = YES;
				CLANG_WARN_CONSTANT_CONVERSION = YES;
				CLANG_WARN_DIRECT_OBJC_ISA_USAGE = YES_ERROR;
				CLANG_WARN_DOCUMENTATION_COMMENTS = YES;
				CLANG_WARN_EMPTY_BODY = YES;
				CLANG_WARN_ENUM_CONVERSION = YES;
				CLANG_WARN_INFINITE_RECURSION = YES;
				CLANG_WARN_INT_CONVERSION = YES;
				CLANG_WARN_NON_LITERAL_NULL_CONVERSION = YES;
				CLANG_WARN_OBJC_LITERAL_CONVERSION = YES;
				CLANG_WARN_OBJC_ROOT_CLASS = YES_ERROR;
				CLANG_WARN_RANGE_LOOP_ANALYSIS = YES;
				CLANG_WARN_STRICT_PROTOTYPES = YES;
				CLANG_WARN_SUSPICIOUS_MOVE = YES;
				CLANG_WARN_UNGUARDED_AVAILABILITY = YES_AGGRESSIVE;
				CLANG_WARN_UNREACHABLE_CODE = YES;
				CLANG_WARN__DUPLICATE_METHOD_MATCH = YES;
				CODE_SIGN_IDENTITY = "iPhone Developer";
				COPY_PHASE_STRIP = NO;
				DEBUG_INFORMATION_FORMAT = dwarf;
				ENABLE_STRICT_OBJC_MSGSEND = YES;
				ENABLE_TESTABILITY = YES;
				GCC_C_LANGUAGE_STANDARD = gnu11;
				GCC_DYNAMIC_NO_PIC = NO;
				GCC_NO_COMMON_BLOCKS = YES;
				GCC_OPTIMIZATION_LEVEL = 0;
				GCC_PREPROCESSOR_DEFINITIONS = (
					"DEBUG=1",
					"$(inherited)",
				);
				GCC_WARN_64_TO_32_BIT_CONVERSION = YES;
				GCC_WARN_ABOUT_RETURN_TYPE = YES_ERROR;
				GCC_WARN_UNDECLARED_SELECTOR = YES;
				GCC_WARN_UNINITIALIZED_AUTOS = YES_AGGRESSIVE;
				GCC_WARN_UNUSED_FUNCTION = YES;
				GCC_WARN_UNUSED_VARIABLE = YES;
				IPHONEOS_DEPLOYMENT_TARGET = 11.1;
				MTL_ENABLE_DEBUG_INFO = YES;
				ONLY_ACTIVE_ARCH = YES;
				SDKROOT = iphoneos;
				SWIFT_ACTIVE_COMPILATION_CONDITIONS = DEBUG;
				SWIFT_OPTIMIZATION_LEVEL = "-Onone";
			};
			name = Debug;
		};
		A4341A821FD2E2FF00288489 /* Release */ = {
			isa = XCBuildConfiguration;
			buildSettings = {
				ALWAYS_SEARCH_USER_PATHS = NO;
				CLANG_ANALYZER_NONNULL = YES;
				CLANG_ANALYZER_NUMBER_OBJECT_CONVERSION = YES_AGGRESSIVE;
				CLANG_CXX_LANGUAGE_STANDARD = "gnu++14";
				CLANG_CXX_LIBRARY = "libc++";
				CLANG_ENABLE_MODULES = YES;
				CLANG_ENABLE_OBJC_ARC = YES;
				CLANG_WARN_BLOCK_CAPTURE_AUTORELEASING = YES;
				CLANG_WARN_BOOL_CONVERSION = YES;
				CLANG_WARN_COMMA = YES;
				CLANG_WARN_CONSTANT_CONVERSION = YES;
				CLANG_WARN_DIRECT_OBJC_ISA_USAGE = YES_ERROR;
				CLANG_WARN_DOCUMENTATION_COMMENTS = YES;
				CLANG_WARN_EMPTY_BODY = YES;
				CLANG_WARN_ENUM_CONVERSION = YES;
				CLANG_WARN_INFINITE_RECURSION = YES;
				CLANG_WARN_INT_CONVERSION = YES;
				CLANG_WARN_NON_LITERAL_NULL_CONVERSION = YES;
				CLANG_WARN_OBJC_LITERAL_CONVERSION = YES;
				CLANG_WARN_OBJC_ROOT_CLASS = YES_ERROR;
				CLANG_WARN_RANGE_LOOP_ANALYSIS = YES;
				CLANG_WARN_STRICT_PROTOTYPES = YES;
				CLANG_WARN_SUSPICIOUS_MOVE = YES;
				CLANG_WARN_UNGUARDED_AVAILABILITY = YES_AGGRESSIVE;
				CLANG_WARN_UNREACHABLE_CODE = YES;
				CLANG_WARN__DUPLICATE_METHOD_MATCH = YES;
				CODE_SIGN_IDENTITY = "iPhone Developer";
				COPY_PHASE_STRIP = NO;
				DEBUG_INFORMATION_FORMAT = "dwarf-with-dsym";
				ENABLE_NS_ASSERTIONS = NO;
				ENABLE_STRICT_OBJC_MSGSEND = YES;
				GCC_C_LANGUAGE_STANDARD = gnu11;
				GCC_NO_COMMON_BLOCKS = YES;
				GCC_WARN_64_TO_32_BIT_CONVERSION = YES;
				GCC_WARN_ABOUT_RETURN_TYPE = YES_ERROR;
				GCC_WARN_UNDECLARED_SELECTOR = YES;
				GCC_WARN_UNINITIALIZED_AUTOS = YES_AGGRESSIVE;
				GCC_WARN_UNUSED_FUNCTION = YES;
				GCC_WARN_UNUSED_VARIABLE = YES;
				IPHONEOS_DEPLOYMENT_TARGET = 11.1;
				MTL_ENABLE_DEBUG_INFO = NO;
				SDKROOT = iphoneos;
				SWIFT_OPTIMIZATION_LEVEL = "-Owholemodule";
				VALIDATE_PRODUCT = YES;
			};
			name = Release;
		};
		A4341A841FD2E2FF00288489 /* Debug */ = {
			isa = XCBuildConfiguration;
			buildSettings = {
				ASSETCATALOG_COMPILER_APPICON_NAME = AppIcon;
				CODE_SIGN_STYLE = Automatic;
				INFOPLIST_FILE = XCUITestExample/Info.plist;
				LD_RUNPATH_SEARCH_PATHS = "$(inherited) @executable_path/Frameworks";
				PRODUCT_BUNDLE_IDENTIFIER = com.danielcarlosce.XCUITestExample;
				PRODUCT_NAME = "$(TARGET_NAME)";
				SWIFT_VERSION = 4.0;
				TARGETED_DEVICE_FAMILY = "1,2";
			};
			name = Debug;
		};
		A4341A851FD2E2FF00288489 /* Release */ = {
			isa = XCBuildConfiguration;
			buildSettings = {
				ASSETCATALOG_COMPILER_APPICON_NAME = AppIcon;
				CODE_SIGN_STYLE = Automatic;
				INFOPLIST_FILE = XCUITestExample/Info.plist;
				LD_RUNPATH_SEARCH_PATHS = "$(inherited) @executable_path/Frameworks";
				PRODUCT_BUNDLE_IDENTIFIER = com.danielcarlosce.XCUITestExample;
				PRODUCT_NAME = "$(TARGET_NAME)";
				SWIFT_VERSION = 4.0;
				TARGETED_DEVICE_FAMILY = "1,2";
			};
			name = Release;
		};
		A4341A871FD2E2FF00288489 /* Debug */ = {
			isa = XCBuildConfiguration;
			buildSettings = {
				ALWAYS_EMBED_SWIFT_STANDARD_LIBRARIES = YES;
				CODE_SIGN_STYLE = Automatic;
				INFOPLIST_FILE = XCUITestExampleUITests/Info.plist;
				LD_RUNPATH_SEARCH_PATHS = "$(inherited) @executable_path/Frameworks @loader_path/Frameworks";
				PRODUCT_BUNDLE_IDENTIFIER = com.danielcarlosce.XCUITestExampleUITests;
				PRODUCT_NAME = "$(TARGET_NAME)";
				SWIFT_VERSION = 4.0;
				TARGETED_DEVICE_FAMILY = "1,2";
				TEST_TARGET_NAME = XCUITestExample;
			};
			name = Debug;
		};
		A4341A881FD2E2FF00288489 /* Release */ = {
			isa = XCBuildConfiguration;
			buildSettings = {
				ALWAYS_EMBED_SWIFT_STANDARD_LIBRARIES = YES;
				CODE_SIGN_STYLE = Automatic;
				INFOPLIST_FILE = XCUITestExampleUITests/Info.plist;
				LD_RUNPATH_SEARCH_PATHS = "$(inherited) @executable_path/Frameworks @loader_path/Frameworks";
				PRODUCT_BUNDLE_IDENTIFIER = com.danielcarlosce.XCUITestExampleUITests;
				PRODUCT_NAME = "$(TARGET_NAME)";
				SWIFT_VERSION = 4.0;
				TARGETED_DEVICE_FAMILY = "1,2";
				TEST_TARGET_NAME = XCUITestExample;
			};
			name = Release;
		};
/* End XCBuildConfiguration section */

/* Begin XCConfigurationList section */
		A4341A611FD2E2FF00288489 /* Build configuration list for PBXProject "XCUITestExample" */ = {
			isa = XCConfigurationList;
			buildConfigurations = (
				A4341A811FD2E2FF00288489 /* Debug */,
				A4341A821FD2E2FF00288489 /* Release */,
			);
			defaultConfigurationIsVisible = 0;
			defaultConfigurationName = Release;
		};
		A4341A831FD2E2FF00288489 /* Build configuration list for PBXNativeTarget "XCUITestExample" */ = {
			isa = XCConfigurationList;
			buildConfigurations = (
				A4341A841FD2E2FF00288489 /* Debug */,
				A4341A851FD2E2FF00288489 /* Release */,
			);
			defaultConfigurationIsVisible = 0;
			defaultConfigurationName = Release;
		};
		A4341A861FD2E2FF00288489 /* Build configuration list for PBXNativeTarget "XCUITestExampleUITests" */ = {
			isa = XCConfigurationList;
			buildConfigurations = (
				A4341A871FD2E2FF00288489 /* Debug */,
				A4341A881FD2E2FF00288489 /* Release */,
			);
			defaultConfigurationIsVisible = 0;
			defaultConfigurationName = Release;
		};
/* End XCConfigurationList section */
	};
	rootObject = A4341A5E1FD2E2FF00288489 /* Project object */;
}
